
Microsoft Visual Studio Solution File, Format Version 12.00
# Visual Studio 15
VisualStudioVersion = 15.0.27130.2024
MinimumVisualStudioVersion = 10.0.40219.1
Project("{FAE04EC0-301F-11D3-BF4B-00C04F79EFBC}") = "LoadingIndicator.Android", "LoadingIndicator\LoadingIndicator.Android\LoadingIndicator.Android.csproj", "{846E7ECD-6678-428A-8B0B-E83A45578119}"
EndProject
Project("{FAE04EC0-301F-11D3-BF4B-00C04F79EFBC}") = "LoadingIndicator.iOS", "LoadingIndicator\LoadingIndicator.iOS\LoadingIndicator.iOS.csproj", "{104F0E33-557A-48F5-974F-1DCCC03087D2}"
EndProject
Project("{FAE04EC0-301F-11D3-BF4B-00C04F79EFBC}") = "LoadingIndicator.UWP", "LoadingIndicator\LoadingIndicator.UWP\LoadingIndicator.UWP.csproj", "{43C2CCC0-0DDC-4E2F-B3CA-A11BE960B2FA}"
EndProject
Project("{FAE04EC0-301F-11D3-BF4B-00C04F79EFBC}") = "LoadingIndicator", "LoadingIndicator\LoadingIndicator\LoadingIndicator.csproj", "{EA4EC03B-EBFF-4F8C-99A3-ADFEDCDA6939}"
EndProject
Global
	GlobalSection(SolutionConfigurationPlatforms) = preSolution
		Ad-Hoc|Any CPU = Ad-Hoc|Any CPU
		Ad-Hoc|ARM = Ad-Hoc|ARM
		Ad-Hoc|iPhone = Ad-Hoc|iPhone
		Ad-Hoc|iPhoneSimulator = Ad-Hoc|iPhoneSimulator
		Ad-Hoc|x64 = Ad-Hoc|x64
		Ad-Hoc|x86 = Ad-Hoc|x86
		AppStore|Any CPU = AppStore|Any CPU
		AppStore|ARM = AppStore|ARM
		AppStore|iPhone = AppStore|iPhone
		AppStore|iPhoneSimulator = AppStore|iPhoneSimulator
		AppStore|x64 = AppStore|x64
		AppStore|x86 = AppStore|x86
		Debug|Any CPU = Debug|Any CPU
		Debug|ARM = Debug|ARM
		Debug|iPhone = Debug|iPhone
		Debug|iPhoneSimulator = Debug|iPhoneSimulator
		Debug|x64 = Debug|x64
		Debug|x86 = Debug|x86
		Release|Any CPU = Release|Any CPU
		Release|ARM = Release|ARM
		Release|iPhone = Release|iPhone
		Release|iPhoneSimulator = Release|iPhoneSimulator
		Release|x64 = Release|x64
		Release|x86 = Release|x86
	EndGlobalSection
	GlobalSection(ProjectConfigurationPlatforms) = postSolution
		{846E7ECD-6678-428A-8B0B-E83A45578119}.Ad-Hoc|Any CPU.ActiveCfg = Release|Any CPU
		{846E7ECD-6678-428A-8B0B-E83A45578119}.Ad-Hoc|Any CPU.Build.0 = Release|Any CPU
		{846E7ECD-6678-428A-8B0B-E83A45578119}.Ad-Hoc|Any CPU.Deploy.0 = Release|Any CPU
		{846E7ECD-6678-428A-8B0B-E83A45578119}.Ad-Hoc|ARM.ActiveCfg = Release|Any CPU
		{846E7ECD-6678-428A-8B0B-E83A45578119}.Ad-Hoc|ARM.Build.0 = Release|Any CPU
		{846E7ECD-6678-428A-8B0B-E83A45578119}.Ad-Hoc|ARM.Deploy.0 = Release|Any CPU
		{846E7ECD-6678-428A-8B0B-E83A45578119}.Ad-Hoc|iPhone.ActiveCfg = Release|Any CPU
		{846E7ECD-6678-428A-8B0B-E83A45578119}.Ad-Hoc|iPhone.Build.0 = Release|Any CPU
		{846E7ECD-6678-428A-8B0B-E83A45578119}.Ad-Hoc|iPhone.Deploy.0 = Release|Any CPU
		{846E7ECD-6678-428A-8B0B-E83A45578119}.Ad-Hoc|iPhoneSimulator.ActiveCfg = Release|Any CPU
		{846E7ECD-6678-428A-8B0B-E83A45578119}.Ad-Hoc|iPhoneSimulator.Build.0 = Release|Any CPU
		{846E7ECD-6678-428A-8B0B-E83A45578119}.Ad-Hoc|iPhoneSimulator.Deploy.0 = Release|Any CPU
		{846E7ECD-6678-428A-8B0B-E83A45578119}.Ad-Hoc|x64.ActiveCfg = Release|Any CPU
		{846E7ECD-6678-428A-8B0B-E83A45578119}.Ad-Hoc|x64.Build.0 = Release|Any CPU
		{846E7ECD-6678-428A-8B0B-E83A45578119}.Ad-Hoc|x64.Deploy.0 = Release|Any CPU
		{846E7ECD-6678-428A-8B0B-E83A45578119}.Ad-Hoc|x86.ActiveCfg = Release|Any CPU
		{846E7ECD-6678-428A-8B0B-E83A45578119}.Ad-Hoc|x86.Build.0 = Release|Any CPU
		{846E7ECD-6678-428A-8B0B-E83A45578119}.Ad-Hoc|x86.Deploy.0 = Release|Any CPU
		{846E7ECD-6678-428A-8B0B-E83A45578119}.AppStore|Any CPU.ActiveCfg = Release|Any CPU
		{846E7ECD-6678-428A-8B0B-E83A45578119}.AppStore|Any CPU.Build.0 = Release|Any CPU
		{846E7ECD-6678-428A-8B0B-E83A45578119}.AppStore|Any CPU.Deploy.0 = Release|Any CPU
		{846E7ECD-6678-428A-8B0B-E83A45578119}.AppStore|ARM.ActiveCfg = Release|Any CPU
		{846E7ECD-6678-428A-8B0B-E83A45578119}.AppStore|ARM.Build.0 = Release|Any CPU
		{846E7ECD-6678-428A-8B0B-E83A45578119}.AppStore|ARM.Deploy.0 = Release|Any CPU
		{846E7ECD-6678-428A-8B0B-E83A45578119}.AppStore|iPhone.ActiveCfg = Release|Any CPU
		{846E7ECD-6678-428A-8B0B-E83A45578119}.AppStore|iPhone.Build.0 = Release|Any CPU
		{846E7ECD-6678-428A-8B0B-E83A45578119}.AppStore|iPhone.Deploy.0 = Release|Any CPU
		{846E7ECD-6678-428A-8B0B-E83A45578119}.AppStore|iPhoneSimulator.ActiveCfg = Release|Any CPU
		{846E7ECD-6678-428A-8B0B-E83A45578119}.AppStore|iPhoneSimulator.Build.0 = Release|Any CPU
		{846E7ECD-6678-428A-8B0B-E83A45578119}.AppStore|iPhoneSimulator.Deploy.0 = Release|Any CPU
		{846E7ECD-6678-428A-8B0B-E83A45578119}.AppStore|x64.ActiveCfg = Release|Any CPU
		{846E7ECD-6678-428A-8B0B-E83A45578119}.AppStore|x64.Build.0 = Release|Any CPU
		{846E7ECD-6678-428A-8B0B-E83A45578119}.AppStore|x64.Deploy.0 = Release|Any CPU
		{846E7ECD-6678-428A-8B0B-E83A45578119}.AppStore|x86.ActiveCfg = Release|Any CPU
		{846E7ECD-6678-428A-8B0B-E83A45578119}.AppStore|x86.Build.0 = Release|Any CPU
		{846E7ECD-6678-428A-8B0B-E83A45578119}.AppStore|x86.Deploy.0 = Release|Any CPU
		{846E7ECD-6678-428A-8B0B-E83A45578119}.Debug|Any CPU.ActiveCfg = Debug|Any CPU
		{846E7ECD-6678-428A-8B0B-E83A45578119}.Debug|Any CPU.Build.0 = Debug|Any CPU
		{846E7ECD-6678-428A-8B0B-E83A45578119}.Debug|Any CPU.Deploy.0 = Debug|Any CPU
		{846E7ECD-6678-428A-8B0B-E83A45578119}.Debug|ARM.ActiveCfg = Debug|Any CPU
		{846E7ECD-6678-428A-8B0B-E83A45578119}.Debug|ARM.Build.0 = Debug|Any CPU
		{846E7ECD-6678-428A-8B0B-E83A45578119}.Debug|ARM.Deploy.0 = Debug|Any CPU
		{846E7ECD-6678-428A-8B0B-E83A45578119}.Debug|iPhone.ActiveCfg = Debug|Any CPU
		{846E7ECD-6678-428A-8B0B-E83A45578119}.Debug|iPhone.Build.0 = Debug|Any CPU
		{846E7ECD-6678-428A-8B0B-E83A45578119}.Debug|iPhone.Deploy.0 = Debug|Any CPU
		{846E7ECD-6678-428A-8B0B-E83A45578119}.Debug|iPhoneSimulator.ActiveCfg = Debug|Any CPU
		{846E7ECD-6678-428A-8B0B-E83A45578119}.Debug|iPhoneSimulator.Build.0 = Debug|Any CPU
		{846E7ECD-6678-428A-8B0B-E83A45578119}.Debug|iPhoneSimulator.Deploy.0 = Debug|Any CPU
		{846E7ECD-6678-428A-8B0B-E83A45578119}.Debug|x64.ActiveCfg = Debug|Any CPU
		{846E7ECD-6678-428A-8B0B-E83A45578119}.Debug|x64.Build.0 = Debug|Any CPU
		{846E7ECD-6678-428A-8B0B-E83A45578119}.Debug|x64.Deploy.0 = Debug|Any CPU
		{846E7ECD-6678-428A-8B0B-E83A45578119}.Debug|x86.ActiveCfg = Debug|Any CPU
		{846E7ECD-6678-428A-8B0B-E83A45578119}.Debug|x86.Build.0 = Debug|Any CPU
		{846E7ECD-6678-428A-8B0B-E83A45578119}.Debug|x86.Deploy.0 = Debug|Any CPU
		{846E7ECD-6678-428A-8B0B-E83A45578119}.Release|Any CPU.ActiveCfg = Release|Any CPU
		{846E7ECD-6678-428A-8B0B-E83A45578119}.Release|Any CPU.Build.0 = Release|Any CPU
		{846E7ECD-6678-428A-8B0B-E83A45578119}.Release|Any CPU.Deploy.0 = Release|Any CPU
		{846E7ECD-6678-428A-8B0B-E83A45578119}.Release|ARM.ActiveCfg = Release|Any CPU
		{846E7ECD-6678-428A-8B0B-E83A45578119}.Release|ARM.Build.0 = Release|Any CPU
		{846E7ECD-6678-428A-8B0B-E83A45578119}.Release|ARM.Deploy.0 = Release|Any CPU
		{846E7ECD-6678-428A-8B0B-E83A45578119}.Release|iPhone.ActiveCfg = Release|Any CPU
		{846E7ECD-6678-428A-8B0B-E83A45578119}.Release|iPhone.Build.0 = Release|Any CPU
		{846E7ECD-6678-428A-8B0B-E83A45578119}.Release|iPhone.Deploy.0 = Release|Any CPU
		{846E7ECD-6678-428A-8B0B-E83A45578119}.Release|iPhoneSimulator.ActiveCfg = Release|Any CPU
		{846E7ECD-6678-428A-8B0B-E83A45578119}.Release|iPhoneSimulator.Build.0 = Release|Any CPU
		{846E7ECD-6678-428A-8B0B-E83A45578119}.Release|iPhoneSimulator.Deploy.0 = Release|Any CPU
		{846E7ECD-6678-428A-8B0B-E83A45578119}.Release|x64.ActiveCfg = Release|Any CPU
		{846E7ECD-6678-428A-8B0B-E83A45578119}.Release|x64.Build.0 = Release|Any CPU
		{846E7ECD-6678-428A-8B0B-E83A45578119}.Release|x64.Deploy.0 = Release|Any CPU
		{846E7ECD-6678-428A-8B0B-E83A45578119}.Release|x86.ActiveCfg = Release|Any CPU
		{846E7ECD-6678-428A-8B0B-E83A45578119}.Release|x86.Build.0 = Release|Any CPU
		{846E7ECD-6678-428A-8B0B-E83A45578119}.Release|x86.Deploy.0 = Release|Any CPU
		{104F0E33-557A-48F5-974F-1DCCC03087D2}.Ad-Hoc|Any CPU.ActiveCfg = Ad-Hoc|iPhone
		{104F0E33-557A-48F5-974F-1DCCC03087D2}.Ad-Hoc|ARM.ActiveCfg = Ad-Hoc|iPhone
		{104F0E33-557A-48F5-974F-1DCCC03087D2}.Ad-Hoc|iPhone.ActiveCfg = Ad-Hoc|iPhone
		{104F0E33-557A-48F5-974F-1DCCC03087D2}.Ad-Hoc|iPhone.Build.0 = Ad-Hoc|iPhone
		{104F0E33-557A-48F5-974F-1DCCC03087D2}.Ad-Hoc|iPhoneSimulator.ActiveCfg = Ad-Hoc|iPhoneSimulator
		{104F0E33-557A-48F5-974F-1DCCC03087D2}.Ad-Hoc|iPhoneSimulator.Build.0 = Ad-Hoc|iPhoneSimulator
		{104F0E33-557A-48F5-974F-1DCCC03087D2}.Ad-Hoc|x64.ActiveCfg = Ad-Hoc|iPhone
		{104F0E33-557A-48F5-974F-1DCCC03087D2}.Ad-Hoc|x86.ActiveCfg = Ad-Hoc|iPhone
		{104F0E33-557A-48F5-974F-1DCCC03087D2}.AppStore|Any CPU.ActiveCfg = AppStore|iPhone
		{104F0E33-557A-48F5-974F-1DCCC03087D2}.AppStore|ARM.ActiveCfg = AppStore|iPhone
		{104F0E33-557A-48F5-974F-1DCCC03087D2}.AppStore|iPhone.ActiveCfg = AppStore|iPhone
		{104F0E33-557A-48F5-974F-1DCCC03087D2}.AppStore|iPhone.Build.0 = AppStore|iPhone
		{104F0E33-557A-48F5-974F-1DCCC03087D2}.AppStore|iPhoneSimulator.ActiveCfg = AppStore|iPhoneSimulator
		{104F0E33-557A-48F5-974F-1DCCC03087D2}.AppStore|iPhoneSimulator.Build.0 = AppStore|iPhoneSimulator
		{104F0E33-557A-48F5-974F-1DCCC03087D2}.AppStore|x64.ActiveCfg = AppStore|iPhone
		{104F0E33-557A-48F5-974F-1DCCC03087D2}.AppStore|x86.ActiveCfg = AppStore|iPhone
		{104F0E33-557A-48F5-974F-1DCCC03087D2}.Debug|Any CPU.ActiveCfg = Debug|iPhone
		{104F0E33-557A-48F5-974F-1DCCC03087D2}.Debug|ARM.ActiveCfg = Debug|iPhone
		{104F0E33-557A-48F5-974F-1DCCC03087D2}.Debug|iPhone.ActiveCfg = Debug|iPhone
		{104F0E33-557A-48F5-974F-1DCCC03087D2}.Debug|iPhone.Build.0 = Debug|iPhone
		{104F0E33-557A-48F5-974F-1DCCC03087D2}.Debug|iPhoneSimulator.ActiveCfg = Debug|iPhoneSimulator
		{104F0E33-557A-48F5-974F-1DCCC03087D2}.Debug|iPhoneSimulator.Build.0 = Debug|iPhoneSimulator
		{104F0E33-557A-48F5-974F-1DCCC03087D2}.Debug|x64.ActiveCfg = Debug|iPhone
		{104F0E33-557A-48F5-974F-1DCCC03087D2}.Debug|x86.ActiveCfg = Debug|iPhone
		{104F0E33-557A-48F5-974F-1DCCC03087D2}.Release|Any CPU.ActiveCfg = Release|iPhone
		{104F0E33-557A-48F5-974F-1DCCC03087D2}.Release|ARM.ActiveCfg = Release|iPhone
		{104F0E33-557A-48F5-974F-1DCCC03087D2}.Release|iPhone.ActiveCfg = Release|iPhone
		{104F0E33-557A-48F5-974F-1DCCC03087D2}.Release|iPhone.Build.0 = Release|iPhone
		{104F0E33-557A-48F5-974F-1DCCC03087D2}.Release|iPhoneSimulator.ActiveCfg = Release|iPhoneSimulator
		{104F0E33-557A-48F5-974F-1DCCC03087D2}.Release|iPhoneSimulator.Build.0 = Release|iPhoneSimulator
		{104F0E33-557A-48F5-974F-1DCCC03087D2}.Release|x64.ActiveCfg = Release|iPhone
		{104F0E33-557A-48F5-974F-1DCCC03087D2}.Release|x86.ActiveCfg = Release|iPhone
		{43C2CCC0-0DDC-4E2F-B3CA-A11BE960B2FA}.Ad-Hoc|Any CPU.ActiveCfg = Release|x86
		{43C2CCC0-0DDC-4E2F-B3CA-A11BE960B2FA}.Ad-Hoc|Any CPU.Build.0 = Release|x86
		{43C2CCC0-0DDC-4E2F-B3CA-A11BE960B2FA}.Ad-Hoc|Any CPU.Deploy.0 = Release|x86
		{43C2CCC0-0DDC-4E2F-B3CA-A11BE960B2FA}.Ad-Hoc|ARM.ActiveCfg = Release|ARM
		{43C2CCC0-0DDC-4E2F-B3CA-A11BE960B2FA}.Ad-Hoc|ARM.Build.0 = Release|ARM
		{43C2CCC0-0DDC-4E2F-B3CA-A11BE960B2FA}.Ad-Hoc|ARM.Deploy.0 = Release|ARM
		{43C2CCC0-0DDC-4E2F-B3CA-A11BE960B2FA}.Ad-Hoc|iPhone.ActiveCfg = Release|x86
		{43C2CCC0-0DDC-4E2F-B3CA-A11BE960B2FA}.Ad-Hoc|iPhone.Build.0 = Release|x86
		{43C2CCC0-0DDC-4E2F-B3CA-A11BE960B2FA}.Ad-Hoc|iPhone.Deploy.0 = Release|x86
		{43C2CCC0-0DDC-4E2F-B3CA-A11BE960B2FA}.Ad-Hoc|iPhoneSimulator.ActiveCfg = Release|x86
		{43C2CCC0-0DDC-4E2F-B3CA-A11BE960B2FA}.Ad-Hoc|iPhoneSimulator.Build.0 = Release|x86
		{43C2CCC0-0DDC-4E2F-B3CA-A11BE960B2FA}.Ad-Hoc|iPhoneSimulator.Deploy.0 = Release|x86
		{43C2CCC0-0DDC-4E2F-B3CA-A11BE960B2FA}.Ad-Hoc|x64.ActiveCfg = Release|x64
		{43C2CCC0-0DDC-4E2F-B3CA-A11BE960B2FA}.Ad-Hoc|x64.Build.0 = Release|x64
		{43C2CCC0-0DDC-4E2F-B3CA-A11BE960B2FA}.Ad-Hoc|x64.Deploy.0 = Release|x64
		{43C2CCC0-0DDC-4E2F-B3CA-A11BE960B2FA}.Ad-Hoc|x86.ActiveCfg = Release|x86
		{43C2CCC0-0DDC-4E2F-B3CA-A11BE960B2FA}.Ad-Hoc|x86.Build.0 = Release|x86
		{43C2CCC0-0DDC-4E2F-B3CA-A11BE960B2FA}.Ad-Hoc|x86.Deploy.0 = Release|x86
		{43C2CCC0-0DDC-4E2F-B3CA-A11BE960B2FA}.AppStore|Any CPU.ActiveCfg = Release|x86
		{43C2CCC0-0DDC-4E2F-B3CA-A11BE960B2FA}.AppStore|Any CPU.Build.0 = Release|x86
		{43C2CCC0-0DDC-4E2F-B3CA-A11BE960B2FA}.AppStore|Any CPU.Deploy.0 = Release|x86
		{43C2CCC0-0DDC-4E2F-B3CA-A11BE960B2FA}.AppStore|ARM.ActiveCfg = Release|ARM
		{43C2CCC0-0DDC-4E2F-B3CA-A11BE960B2FA}.AppStore|ARM.Build.0 = Release|ARM
		{43C2CCC0-0DDC-4E2F-B3CA-A11BE960B2FA}.AppStore|ARM.Deploy.0 = Release|ARM
		{43C2CCC0-0DDC-4E2F-B3CA-A11BE960B2FA}.AppStore|iPhone.ActiveCfg = Release|x86
		{43C2CCC0-0DDC-4E2F-B3CA-A11BE960B2FA}.AppStore|iPhone.Build.0 = Release|x86
		{43C2CCC0-0DDC-4E2F-B3CA-A11BE960B2FA}.AppStore|iPhone.Deploy.0 = Release|x86
		{43C2CCC0-0DDC-4E2F-B3CA-A11BE960B2FA}.AppStore|iPhoneSimulator.ActiveCfg = Release|x86
		{43C2CCC0-0DDC-4E2F-B3CA-A11BE960B2FA}.AppStore|iPhoneSimulator.Build.0 = Release|x86
		{43C2CCC0-0DDC-4E2F-B3CA-A11BE960B2FA}.AppStore|iPhoneSimulator.Deploy.0 = Release|x86
		{43C2CCC0-0DDC-4E2F-B3CA-A11BE960B2FA}.AppStore|x64.ActiveCfg = Release|x64
		{43C2CCC0-0DDC-4E2F-B3CA-A11BE960B2FA}.AppStore|x64.Build.0 = Release|x64
		{43C2CCC0-0DDC-4E2F-B3CA-A11BE960B2FA}.AppStore|x64.Deploy.0 = Release|x64
		{43C2CCC0-0DDC-4E2F-B3CA-A11BE960B2FA}.AppStore|x86.ActiveCfg = Release|x86
		{43C2CCC0-0DDC-4E2F-B3CA-A11BE960B2FA}.AppStore|x86.Build.0 = Release|x86
		{43C2CCC0-0DDC-4E2F-B3CA-A11BE960B2FA}.AppStore|x86.Deploy.0 = Release|x86
		{43C2CCC0-0DDC-4E2F-B3CA-A11BE960B2FA}.Debug|Any CPU.ActiveCfg = Debug|x86
		{43C2CCC0-0DDC-4E2F-B3CA-A11BE960B2FA}.Debug|ARM.ActiveCfg = Debug|ARM
		{43C2CCC0-0DDC-4E2F-B3CA-A11BE960B2FA}.Debug|ARM.Build.0 = Debug|ARM
		{43C2CCC0-0DDC-4E2F-B3CA-A11BE960B2FA}.Debug|ARM.Deploy.0 = Debug|ARM
		{43C2CCC0-0DDC-4E2F-B3CA-A11BE960B2FA}.Debug|iPhone.ActiveCfg = Debug|x86
		{43C2CCC0-0DDC-4E2F-B3CA-A11BE960B2FA}.Debug|iPhoneSimulator.ActiveCfg = Debug|x86
		{43C2CCC0-0DDC-4E2F-B3CA-A11BE960B2FA}.Debug|x64.ActiveCfg = Debug|x64
		{43C2CCC0-0DDC-4E2F-B3CA-A11BE960B2FA}.Debug|x64.Build.0 = Debug|x64
		{43C2CCC0-0DDC-4E2F-B3CA-A11BE960B2FA}.Debug|x64.Deploy.0 = Debug|x64
		{43C2CCC0-0DDC-4E2F-B3CA-A11BE960B2FA}.Debug|x86.ActiveCfg = Debug|x86
		{43C2CCC0-0DDC-4E2F-B3CA-A11BE960B2FA}.Debug|x86.Build.0 = Debug|x86
		{43C2CCC0-0DDC-4E2F-B3CA-A11BE960B2FA}.Debug|x86.Deploy.0 = Debug|x86
		{43C2CCC0-0DDC-4E2F-B3CA-A11BE960B2FA}.Release|Any CPU.ActiveCfg = Release|x86
		{43C2CCC0-0DDC-4E2F-B3CA-A11BE960B2FA}.Release|ARM.ActiveCfg = Release|ARM
		{43C2CCC0-0DDC-4E2F-B3CA-A11BE960B2FA}.Release|ARM.Build.0 = Release|ARM
		{43C2CCC0-0DDC-4E2F-B3CA-A11BE960B2FA}.Release|ARM.Deploy.0 = Release|ARM
		{43C2CCC0-0DDC-4E2F-B3CA-A11BE960B2FA}.Release|iPhone.ActiveCfg = Release|x86
		{43C2CCC0-0DDC-4E2F-B3CA-A11BE960B2FA}.Release|iPhoneSimulator.ActiveCfg = Release|x86
		{43C2CCC0-0DDC-4E2F-B3CA-A11BE960B2FA}.Release|x64.ActiveCfg = Release|x64
		{43C2CCC0-0DDC-4E2F-B3CA-A11BE960B2FA}.Release|x64.Build.0 = Release|x64
		{43C2CCC0-0DDC-4E2F-B3CA-A11BE960B2FA}.Release|x64.Deploy.0 = Release|x64
		{43C2CCC0-0DDC-4E2F-B3CA-A11BE960B2FA}.Release|x86.ActiveCfg = Release|x86
		{43C2CCC0-0DDC-4E2F-B3CA-A11BE960B2FA}.Release|x86.Build.0 = Release|x86
		{43C2CCC0-0DDC-4E2F-B3CA-A11BE960B2FA}.Release|x86.Deploy.0 = Release|x86
		{EA4EC03B-EBFF-4F8C-99A3-ADFEDCDA6939}.Ad-Hoc|Any CPU.ActiveCfg = Debug|Any CPU
		{EA4EC03B-EBFF-4F8C-99A3-ADFEDCDA6939}.Ad-Hoc|Any CPU.Build.0 = Debug|Any CPU
		{EA4EC03B-EBFF-4F8C-99A3-ADFEDCDA6939}.Ad-Hoc|ARM.ActiveCfg = Debug|Any CPU
		{EA4EC03B-EBFF-4F8C-99A3-ADFEDCDA6939}.Ad-Hoc|ARM.Build.0 = Debug|Any CPU
		{EA4EC03B-EBFF-4F8C-99A3-ADFEDCDA6939}.Ad-Hoc|iPhone.ActiveCfg = Debug|Any CPU
		{EA4EC03B-EBFF-4F8C-99A3-ADFEDCDA6939}.Ad-Hoc|iPhone.Build.0 = Debug|Any CPU
		{EA4EC03B-EBFF-4F8C-99A3-ADFEDCDA6939}.Ad-Hoc|iPhoneSimulator.ActiveCfg = Debug|Any CPU
		{EA4EC03B-EBFF-4F8C-99A3-ADFEDCDA6939}.Ad-Hoc|iPhoneSimulator.Build.0 = Debug|Any CPU
		{EA4EC03B-EBFF-4F8C-99A3-ADFEDCDA6939}.Ad-Hoc|x64.ActiveCfg = Debug|Any CPU
		{EA4EC03B-EBFF-4F8C-99A3-ADFEDCDA6939}.Ad-Hoc|x64.Build.0 = Debug|Any CPU
		{EA4EC03B-EBFF-4F8C-99A3-ADFEDCDA6939}.Ad-Hoc|x86.ActiveCfg = Debug|Any CPU
		{EA4EC03B-EBFF-4F8C-99A3-ADFEDCDA6939}.Ad-Hoc|x86.Build.0 = Debug|Any CPU
		{EA4EC03B-EBFF-4F8C-99A3-ADFEDCDA6939}.AppStore|Any CPU.ActiveCfg = Debug|Any CPU
		{EA4EC03B-EBFF-4F8C-99A3-ADFEDCDA6939}.AppStore|Any CPU.Build.0 = Debug|Any CPU
		{EA4EC03B-EBFF-4F8C-99A3-ADFEDCDA6939}.AppStore|ARM.ActiveCfg = Debug|Any CPU
		{EA4EC03B-EBFF-4F8C-99A3-ADFEDCDA6939}.AppStore|ARM.Build.0 = Debug|Any CPU
		{EA4EC03B-EBFF-4F8C-99A3-ADFEDCDA6939}.AppStore|iPhone.ActiveCfg = Debug|Any CPU
		{EA4EC03B-EBFF-4F8C-99A3-ADFEDCDA6939}.AppStore|iPhone.Build.0 = Debug|Any CPU
		{EA4EC03B-EBFF-4F8C-99A3-ADFEDCDA6939}.AppStore|iPhoneSimulator.ActiveCfg = Debug|Any CPU
		{EA4EC03B-EBFF-4F8C-99A3-ADFEDCDA6939}.AppStore|iPhoneSimulator.Build.0 = Debug|Any CPU
		{EA4EC03B-EBFF-4F8C-99A3-ADFEDCDA6939}.AppStore|x64.ActiveCfg = Debug|Any CPU
		{EA4EC03B-EBFF-4F8C-99A3-ADFEDCDA6939}.AppStore|x64.Build.0 = Debug|Any CPU
		{EA4EC03B-EBFF-4F8C-99A3-ADFEDCDA6939}.AppStore|x86.ActiveCfg = Debug|Any CPU
		{EA4EC03B-EBFF-4F8C-99A3-ADFEDCDA6939}.AppStore|x86.Build.0 = Debug|Any CPU
		{EA4EC03B-EBFF-4F8C-99A3-ADFEDCDA6939}.Debug|Any CPU.ActiveCfg = Debug|Any CPU
		{EA4EC03B-EBFF-4F8C-99A3-ADFEDCDA6939}.Debug|Any CPU.Build.0 = Debug|Any CPU
		{EA4EC03B-EBFF-4F8C-99A3-ADFEDCDA6939}.Debug|ARM.ActiveCfg = Debug|Any CPU
		{EA4EC03B-EBFF-4F8C-99A3-ADFEDCDA6939}.Debug|ARM.Build.0 = Debug|Any CPU
		{EA4EC03B-EBFF-4F8C-99A3-ADFEDCDA6939}.Debug|iPhone.ActiveCfg = Debug|Any CPU
		{EA4EC03B-EBFF-4F8C-99A3-ADFEDCDA6939}.Debug|iPhone.Build.0 = Debug|Any CPU
		{EA4EC03B-EBFF-4F8C-99A3-ADFEDCDA6939}.Debug|iPhoneSimulator.ActiveCfg = Debug|Any CPU
		{EA4EC03B-EBFF-4F8C-99A3-ADFEDCDA6939}.Debug|iPhoneSimulator.Build.0 = Debug|Any CPU
		{EA4EC03B-EBFF-4F8C-99A3-ADFEDCDA6939}.Debug|x64.ActiveCfg = Debug|Any CPU
		{EA4EC03B-EBFF-4F8C-99A3-ADFEDCDA6939}.Debug|x64.Build.0 = Debug|Any CPU
		{EA4EC03B-EBFF-4F8C-99A3-ADFEDCDA6939}.Debug|x86.ActiveCfg = Debug|Any CPU
		{EA4EC03B-EBFF-4F8C-99A3-ADFEDCDA6939}.Debug|x86.Build.0 = Debug|Any CPU
		{EA4EC03B-EBFF-4F8C-99A3-ADFEDCDA6939}.Release|Any CPU.ActiveCfg = Release|Any CPU
		{EA4EC03B-EBFF-4F8C-99A3-ADFEDCDA6939}.Release|Any CPU.Build.0 = Release|Any CPU
		{EA4EC03B-EBFF-4F8C-99A3-ADFEDCDA6939}.Release|ARM.ActiveCfg = Release|Any CPU
		{EA4EC03B-EBFF-4F8C-99A3-ADFEDCDA6939}.Release|ARM.Build.0 = Release|Any CPU
		{EA4EC03B-EBFF-4F8C-99A3-ADFEDCDA6939}.Release|iPhone.ActiveCfg = Release|Any CPU
		{EA4EC03B-EBFF-4F8C-99A3-ADFEDCDA6939}.Release|iPhone.Build.0 = Release|Any CPU
		{EA4EC03B-EBFF-4F8C-99A3-ADFEDCDA6939}.Release|iPhoneSimulator.ActiveCfg = Release|Any CPU
		{EA4EC03B-EBFF-4F8C-99A3-ADFEDCDA6939}.Release|iPhoneSimulator.Build.0 = Release|Any CPU
		{EA4EC03B-EBFF-4F8C-99A3-ADFEDCDA6939}.Release|x64.ActiveCfg = Release|Any CPU
		{EA4EC03B-EBFF-4F8C-99A3-ADFEDCDA6939}.Release|x64.Build.0 = Release|Any CPU
		{EA4EC03B-EBFF-4F8C-99A3-ADFEDCDA6939}.Release|x86.ActiveCfg = Release|Any CPU
		{EA4EC03B-EBFF-4F8C-99A3-ADFEDCDA6939}.Release|x86.Build.0 = Release|Any CPU
	EndGlobalSection
	GlobalSection(SolutionProperties) = preSolution
		HideSolutionNode = FALSE
	EndGlobalSection
	GlobalSection(ExtensibilityGlobals) = postSolution
		SolutionGuid = {7B6895F5-AA91-45C0-97C5-5314C6B98EC1}
	EndGlobalSection
EndGlobal
