
Microsoft Visual Studio Solution File, Format Version 12.00
# Visual Studio 15
VisualStudioVersion = 15.0.27428.2011
MinimumVisualStudioVersion = 10.0.40219.1
Project("{FAE04EC0-301F-11D3-BF4B-00C04F79EFBC}") = "MaxLinesLabel.Android", "MaxLinesLabel\MaxLinesLabel.Android\MaxLinesLabel.Android.csproj", "{1D2B1635-469D-48ED-8DCD-446A492A2C58}"
EndProject
Project("{FAE04EC0-301F-11D3-BF4B-00C04F79EFBC}") = "MaxLinesLabel.iOS", "MaxLinesLabel\MaxLinesLabel.iOS\MaxLinesLabel.iOS.csproj", "{D97B583B-3AB4-4091-873A-FD19B51A88BF}"
EndProject
Project("{FAE04EC0-301F-11D3-BF4B-00C04F79EFBC}") = "MaxLinesLabel.UWP", "MaxLinesLabel\MaxLinesLabel.UWP\MaxLinesLabel.UWP.csproj", "{300BDB28-2190-4DD1-B4FD-F54F7CC92AEA}"
EndProject
Project("{FAE04EC0-301F-11D3-BF4B-00C04F79EFBC}") = "MaxLinesLabel", "MaxLinesLabel\MaxLinesLabel\MaxLinesLabel.csproj", "{0C44DC90-1BF8-4494-AD01-2CAE5F860D80}"
EndProject
Global
	GlobalSection(SolutionConfigurationPlatforms) = preSolution
		Ad-Hoc|Any CPU = Ad-Hoc|Any CPU
		Ad-Hoc|ARM = Ad-Hoc|ARM
		Ad-Hoc|iPhone = Ad-Hoc|iPhone
		Ad-Hoc|iPhoneSimulator = Ad-Hoc|iPhoneSimulator
		Ad-Hoc|x64 = Ad-Hoc|x64
		Ad-Hoc|x86 = Ad-Hoc|x86
		AppStore|Any CPU = AppStore|Any CPU
		AppStore|ARM = AppStore|ARM
		AppStore|iPhone = AppStore|iPhone
		AppStore|iPhoneSimulator = AppStore|iPhoneSimulator
		AppStore|x64 = AppStore|x64
		AppStore|x86 = AppStore|x86
		Debug|Any CPU = Debug|Any CPU
		Debug|ARM = Debug|ARM
		Debug|iPhone = Debug|iPhone
		Debug|iPhoneSimulator = Debug|iPhoneSimulator
		Debug|x64 = Debug|x64
		Debug|x86 = Debug|x86
		Release|Any CPU = Release|Any CPU
		Release|ARM = Release|ARM
		Release|iPhone = Release|iPhone
		Release|iPhoneSimulator = Release|iPhoneSimulator
		Release|x64 = Release|x64
		Release|x86 = Release|x86
	EndGlobalSection
	GlobalSection(ProjectConfigurationPlatforms) = postSolution
		{1D2B1635-469D-48ED-8DCD-446A492A2C58}.Ad-Hoc|Any CPU.ActiveCfg = Release|Any CPU
		{1D2B1635-469D-48ED-8DCD-446A492A2C58}.Ad-Hoc|Any CPU.Build.0 = Release|Any CPU
		{1D2B1635-469D-48ED-8DCD-446A492A2C58}.Ad-Hoc|Any CPU.Deploy.0 = Release|Any CPU
		{1D2B1635-469D-48ED-8DCD-446A492A2C58}.Ad-Hoc|ARM.ActiveCfg = Release|Any CPU
		{1D2B1635-469D-48ED-8DCD-446A492A2C58}.Ad-Hoc|ARM.Build.0 = Release|Any CPU
		{1D2B1635-469D-48ED-8DCD-446A492A2C58}.Ad-Hoc|ARM.Deploy.0 = Release|Any CPU
		{1D2B1635-469D-48ED-8DCD-446A492A2C58}.Ad-Hoc|iPhone.ActiveCfg = Release|Any CPU
		{1D2B1635-469D-48ED-8DCD-446A492A2C58}.Ad-Hoc|iPhone.Build.0 = Release|Any CPU
		{1D2B1635-469D-48ED-8DCD-446A492A2C58}.Ad-Hoc|iPhone.Deploy.0 = Release|Any CPU
		{1D2B1635-469D-48ED-8DCD-446A492A2C58}.Ad-Hoc|iPhoneSimulator.ActiveCfg = Release|Any CPU
		{1D2B1635-469D-48ED-8DCD-446A492A2C58}.Ad-Hoc|iPhoneSimulator.Build.0 = Release|Any CPU
		{1D2B1635-469D-48ED-8DCD-446A492A2C58}.Ad-Hoc|iPhoneSimulator.Deploy.0 = Release|Any CPU
		{1D2B1635-469D-48ED-8DCD-446A492A2C58}.Ad-Hoc|x64.ActiveCfg = Release|Any CPU
		{1D2B1635-469D-48ED-8DCD-446A492A2C58}.Ad-Hoc|x64.Build.0 = Release|Any CPU
		{1D2B1635-469D-48ED-8DCD-446A492A2C58}.Ad-Hoc|x64.Deploy.0 = Release|Any CPU
		{1D2B1635-469D-48ED-8DCD-446A492A2C58}.Ad-Hoc|x86.ActiveCfg = Release|Any CPU
		{1D2B1635-469D-48ED-8DCD-446A492A2C58}.Ad-Hoc|x86.Build.0 = Release|Any CPU
		{1D2B1635-469D-48ED-8DCD-446A492A2C58}.Ad-Hoc|x86.Deploy.0 = Release|Any CPU
		{1D2B1635-469D-48ED-8DCD-446A492A2C58}.AppStore|Any CPU.ActiveCfg = Release|Any CPU
		{1D2B1635-469D-48ED-8DCD-446A492A2C58}.AppStore|Any CPU.Build.0 = Release|Any CPU
		{1D2B1635-469D-48ED-8DCD-446A492A2C58}.AppStore|Any CPU.Deploy.0 = Release|Any CPU
		{1D2B1635-469D-48ED-8DCD-446A492A2C58}.AppStore|ARM.ActiveCfg = Release|Any CPU
		{1D2B1635-469D-48ED-8DCD-446A492A2C58}.AppStore|ARM.Build.0 = Release|Any CPU
		{1D2B1635-469D-48ED-8DCD-446A492A2C58}.AppStore|ARM.Deploy.0 = Release|Any CPU
		{1D2B1635-469D-48ED-8DCD-446A492A2C58}.AppStore|iPhone.ActiveCfg = Release|Any CPU
		{1D2B1635-469D-48ED-8DCD-446A492A2C58}.AppStore|iPhone.Build.0 = Release|Any CPU
		{1D2B1635-469D-48ED-8DCD-446A492A2C58}.AppStore|iPhone.Deploy.0 = Release|Any CPU
		{1D2B1635-469D-48ED-8DCD-446A492A2C58}.AppStore|iPhoneSimulator.ActiveCfg = Release|Any CPU
		{1D2B1635-469D-48ED-8DCD-446A492A2C58}.AppStore|iPhoneSimulator.Build.0 = Release|Any CPU
		{1D2B1635-469D-48ED-8DCD-446A492A2C58}.AppStore|iPhoneSimulator.Deploy.0 = Release|Any CPU
		{1D2B1635-469D-48ED-8DCD-446A492A2C58}.AppStore|x64.ActiveCfg = Release|Any CPU
		{1D2B1635-469D-48ED-8DCD-446A492A2C58}.AppStore|x64.Build.0 = Release|Any CPU
		{1D2B1635-469D-48ED-8DCD-446A492A2C58}.AppStore|x64.Deploy.0 = Release|Any CPU
		{1D2B1635-469D-48ED-8DCD-446A492A2C58}.AppStore|x86.ActiveCfg = Release|Any CPU
		{1D2B1635-469D-48ED-8DCD-446A492A2C58}.AppStore|x86.Build.0 = Release|Any CPU
		{1D2B1635-469D-48ED-8DCD-446A492A2C58}.AppStore|x86.Deploy.0 = Release|Any CPU
		{1D2B1635-469D-48ED-8DCD-446A492A2C58}.Debug|Any CPU.ActiveCfg = Debug|Any CPU
		{1D2B1635-469D-48ED-8DCD-446A492A2C58}.Debug|Any CPU.Build.0 = Debug|Any CPU
		{1D2B1635-469D-48ED-8DCD-446A492A2C58}.Debug|Any CPU.Deploy.0 = Debug|Any CPU
		{1D2B1635-469D-48ED-8DCD-446A492A2C58}.Debug|ARM.ActiveCfg = Debug|Any CPU
		{1D2B1635-469D-48ED-8DCD-446A492A2C58}.Debug|ARM.Build.0 = Debug|Any CPU
		{1D2B1635-469D-48ED-8DCD-446A492A2C58}.Debug|ARM.Deploy.0 = Debug|Any CPU
		{1D2B1635-469D-48ED-8DCD-446A492A2C58}.Debug|iPhone.ActiveCfg = Debug|Any CPU
		{1D2B1635-469D-48ED-8DCD-446A492A2C58}.Debug|iPhone.Build.0 = Debug|Any CPU
		{1D2B1635-469D-48ED-8DCD-446A492A2C58}.Debug|iPhone.Deploy.0 = Debug|Any CPU
		{1D2B1635-469D-48ED-8DCD-446A492A2C58}.Debug|iPhoneSimulator.ActiveCfg = Debug|Any CPU
		{1D2B1635-469D-48ED-8DCD-446A492A2C58}.Debug|iPhoneSimulator.Build.0 = Debug|Any CPU
		{1D2B1635-469D-48ED-8DCD-446A492A2C58}.Debug|iPhoneSimulator.Deploy.0 = Debug|Any CPU
		{1D2B1635-469D-48ED-8DCD-446A492A2C58}.Debug|x64.ActiveCfg = Debug|Any CPU
		{1D2B1635-469D-48ED-8DCD-446A492A2C58}.Debug|x64.Build.0 = Debug|Any CPU
		{1D2B1635-469D-48ED-8DCD-446A492A2C58}.Debug|x64.Deploy.0 = Debug|Any CPU
		{1D2B1635-469D-48ED-8DCD-446A492A2C58}.Debug|x86.ActiveCfg = Debug|Any CPU
		{1D2B1635-469D-48ED-8DCD-446A492A2C58}.Debug|x86.Build.0 = Debug|Any CPU
		{1D2B1635-469D-48ED-8DCD-446A492A2C58}.Debug|x86.Deploy.0 = Debug|Any CPU
		{1D2B1635-469D-48ED-8DCD-446A492A2C58}.Release|Any CPU.ActiveCfg = Release|Any CPU
		{1D2B1635-469D-48ED-8DCD-446A492A2C58}.Release|Any CPU.Build.0 = Release|Any CPU
		{1D2B1635-469D-48ED-8DCD-446A492A2C58}.Release|Any CPU.Deploy.0 = Release|Any CPU
		{1D2B1635-469D-48ED-8DCD-446A492A2C58}.Release|ARM.ActiveCfg = Release|Any CPU
		{1D2B1635-469D-48ED-8DCD-446A492A2C58}.Release|ARM.Build.0 = Release|Any CPU
		{1D2B1635-469D-48ED-8DCD-446A492A2C58}.Release|ARM.Deploy.0 = Release|Any CPU
		{1D2B1635-469D-48ED-8DCD-446A492A2C58}.Release|iPhone.ActiveCfg = Release|Any CPU
		{1D2B1635-469D-48ED-8DCD-446A492A2C58}.Release|iPhone.Build.0 = Release|Any CPU
		{1D2B1635-469D-48ED-8DCD-446A492A2C58}.Release|iPhone.Deploy.0 = Release|Any CPU
		{1D2B1635-469D-48ED-8DCD-446A492A2C58}.Release|iPhoneSimulator.ActiveCfg = Release|Any CPU
		{1D2B1635-469D-48ED-8DCD-446A492A2C58}.Release|iPhoneSimulator.Build.0 = Release|Any CPU
		{1D2B1635-469D-48ED-8DCD-446A492A2C58}.Release|iPhoneSimulator.Deploy.0 = Release|Any CPU
		{1D2B1635-469D-48ED-8DCD-446A492A2C58}.Release|x64.ActiveCfg = Release|Any CPU
		{1D2B1635-469D-48ED-8DCD-446A492A2C58}.Release|x64.Build.0 = Release|Any CPU
		{1D2B1635-469D-48ED-8DCD-446A492A2C58}.Release|x64.Deploy.0 = Release|Any CPU
		{1D2B1635-469D-48ED-8DCD-446A492A2C58}.Release|x86.ActiveCfg = Release|Any CPU
		{1D2B1635-469D-48ED-8DCD-446A492A2C58}.Release|x86.Build.0 = Release|Any CPU
		{1D2B1635-469D-48ED-8DCD-446A492A2C58}.Release|x86.Deploy.0 = Release|Any CPU
		{D97B583B-3AB4-4091-873A-FD19B51A88BF}.Ad-Hoc|Any CPU.ActiveCfg = Ad-Hoc|iPhone
		{D97B583B-3AB4-4091-873A-FD19B51A88BF}.Ad-Hoc|ARM.ActiveCfg = Ad-Hoc|iPhone
		{D97B583B-3AB4-4091-873A-FD19B51A88BF}.Ad-Hoc|iPhone.ActiveCfg = Ad-Hoc|iPhone
		{D97B583B-3AB4-4091-873A-FD19B51A88BF}.Ad-Hoc|iPhone.Build.0 = Ad-Hoc|iPhone
		{D97B583B-3AB4-4091-873A-FD19B51A88BF}.Ad-Hoc|iPhoneSimulator.ActiveCfg = Ad-Hoc|iPhoneSimulator
		{D97B583B-3AB4-4091-873A-FD19B51A88BF}.Ad-Hoc|iPhoneSimulator.Build.0 = Ad-Hoc|iPhoneSimulator
		{D97B583B-3AB4-4091-873A-FD19B51A88BF}.Ad-Hoc|x64.ActiveCfg = Ad-Hoc|iPhone
		{D97B583B-3AB4-4091-873A-FD19B51A88BF}.Ad-Hoc|x86.ActiveCfg = Ad-Hoc|iPhone
		{D97B583B-3AB4-4091-873A-FD19B51A88BF}.AppStore|Any CPU.ActiveCfg = AppStore|iPhone
		{D97B583B-3AB4-4091-873A-FD19B51A88BF}.AppStore|ARM.ActiveCfg = AppStore|iPhone
		{D97B583B-3AB4-4091-873A-FD19B51A88BF}.AppStore|iPhone.ActiveCfg = AppStore|iPhone
		{D97B583B-3AB4-4091-873A-FD19B51A88BF}.AppStore|iPhone.Build.0 = AppStore|iPhone
		{D97B583B-3AB4-4091-873A-FD19B51A88BF}.AppStore|iPhoneSimulator.ActiveCfg = AppStore|iPhoneSimulator
		{D97B583B-3AB4-4091-873A-FD19B51A88BF}.AppStore|iPhoneSimulator.Build.0 = AppStore|iPhoneSimulator
		{D97B583B-3AB4-4091-873A-FD19B51A88BF}.AppStore|x64.ActiveCfg = AppStore|iPhone
		{D97B583B-3AB4-4091-873A-FD19B51A88BF}.AppStore|x86.ActiveCfg = AppStore|iPhone
		{D97B583B-3AB4-4091-873A-FD19B51A88BF}.Debug|Any CPU.ActiveCfg = Debug|iPhone
		{D97B583B-3AB4-4091-873A-FD19B51A88BF}.Debug|ARM.ActiveCfg = Debug|iPhone
		{D97B583B-3AB4-4091-873A-FD19B51A88BF}.Debug|iPhone.ActiveCfg = Debug|iPhone
		{D97B583B-3AB4-4091-873A-FD19B51A88BF}.Debug|iPhone.Build.0 = Debug|iPhone
		{D97B583B-3AB4-4091-873A-FD19B51A88BF}.Debug|iPhoneSimulator.ActiveCfg = Debug|iPhoneSimulator
		{D97B583B-3AB4-4091-873A-FD19B51A88BF}.Debug|iPhoneSimulator.Build.0 = Debug|iPhoneSimulator
		{D97B583B-3AB4-4091-873A-FD19B51A88BF}.Debug|x64.ActiveCfg = Debug|iPhone
		{D97B583B-3AB4-4091-873A-FD19B51A88BF}.Debug|x86.ActiveCfg = Debug|iPhone
		{D97B583B-3AB4-4091-873A-FD19B51A88BF}.Release|Any CPU.ActiveCfg = Release|iPhone
		{D97B583B-3AB4-4091-873A-FD19B51A88BF}.Release|ARM.ActiveCfg = Release|iPhone
		{D97B583B-3AB4-4091-873A-FD19B51A88BF}.Release|iPhone.ActiveCfg = Release|iPhone
		{D97B583B-3AB4-4091-873A-FD19B51A88BF}.Release|iPhone.Build.0 = Release|iPhone
		{D97B583B-3AB4-4091-873A-FD19B51A88BF}.Release|iPhoneSimulator.ActiveCfg = Release|iPhoneSimulator
		{D97B583B-3AB4-4091-873A-FD19B51A88BF}.Release|iPhoneSimulator.Build.0 = Release|iPhoneSimulator
		{D97B583B-3AB4-4091-873A-FD19B51A88BF}.Release|x64.ActiveCfg = Release|iPhone
		{D97B583B-3AB4-4091-873A-FD19B51A88BF}.Release|x86.ActiveCfg = Release|iPhone
		{300BDB28-2190-4DD1-B4FD-F54F7CC92AEA}.Ad-Hoc|Any CPU.ActiveCfg = Release|x86
		{300BDB28-2190-4DD1-B4FD-F54F7CC92AEA}.Ad-Hoc|Any CPU.Build.0 = Release|x86
		{300BDB28-2190-4DD1-B4FD-F54F7CC92AEA}.Ad-Hoc|Any CPU.Deploy.0 = Release|x86
		{300BDB28-2190-4DD1-B4FD-F54F7CC92AEA}.Ad-Hoc|ARM.ActiveCfg = Release|ARM
		{300BDB28-2190-4DD1-B4FD-F54F7CC92AEA}.Ad-Hoc|ARM.Build.0 = Release|ARM
		{300BDB28-2190-4DD1-B4FD-F54F7CC92AEA}.Ad-Hoc|ARM.Deploy.0 = Release|ARM
		{300BDB28-2190-4DD1-B4FD-F54F7CC92AEA}.Ad-Hoc|iPhone.ActiveCfg = Release|x86
		{300BDB28-2190-4DD1-B4FD-F54F7CC92AEA}.Ad-Hoc|iPhone.Build.0 = Release|x86
		{300BDB28-2190-4DD1-B4FD-F54F7CC92AEA}.Ad-Hoc|iPhone.Deploy.0 = Release|x86
		{300BDB28-2190-4DD1-B4FD-F54F7CC92AEA}.Ad-Hoc|iPhoneSimulator.ActiveCfg = Release|x86
		{300BDB28-2190-4DD1-B4FD-F54F7CC92AEA}.Ad-Hoc|iPhoneSimulator.Build.0 = Release|x86
		{300BDB28-2190-4DD1-B4FD-F54F7CC92AEA}.Ad-Hoc|iPhoneSimulator.Deploy.0 = Release|x86
		{300BDB28-2190-4DD1-B4FD-F54F7CC92AEA}.Ad-Hoc|x64.ActiveCfg = Release|x64
		{300BDB28-2190-4DD1-B4FD-F54F7CC92AEA}.Ad-Hoc|x64.Build.0 = Release|x64
		{300BDB28-2190-4DD1-B4FD-F54F7CC92AEA}.Ad-Hoc|x64.Deploy.0 = Release|x64
		{300BDB28-2190-4DD1-B4FD-F54F7CC92AEA}.Ad-Hoc|x86.ActiveCfg = Release|x86
		{300BDB28-2190-4DD1-B4FD-F54F7CC92AEA}.Ad-Hoc|x86.Build.0 = Release|x86
		{300BDB28-2190-4DD1-B4FD-F54F7CC92AEA}.Ad-Hoc|x86.Deploy.0 = Release|x86
		{300BDB28-2190-4DD1-B4FD-F54F7CC92AEA}.AppStore|Any CPU.ActiveCfg = Release|x86
		{300BDB28-2190-4DD1-B4FD-F54F7CC92AEA}.AppStore|Any CPU.Build.0 = Release|x86
		{300BDB28-2190-4DD1-B4FD-F54F7CC92AEA}.AppStore|Any CPU.Deploy.0 = Release|x86
		{300BDB28-2190-4DD1-B4FD-F54F7CC92AEA}.AppStore|ARM.ActiveCfg = Release|ARM
		{300BDB28-2190-4DD1-B4FD-F54F7CC92AEA}.AppStore|ARM.Build.0 = Release|ARM
		{300BDB28-2190-4DD1-B4FD-F54F7CC92AEA}.AppStore|ARM.Deploy.0 = Release|ARM
		{300BDB28-2190-4DD1-B4FD-F54F7CC92AEA}.AppStore|iPhone.ActiveCfg = Release|x86
		{300BDB28-2190-4DD1-B4FD-F54F7CC92AEA}.AppStore|iPhone.Build.0 = Release|x86
		{300BDB28-2190-4DD1-B4FD-F54F7CC92AEA}.AppStore|iPhone.Deploy.0 = Release|x86
		{300BDB28-2190-4DD1-B4FD-F54F7CC92AEA}.AppStore|iPhoneSimulator.ActiveCfg = Release|x86
		{300BDB28-2190-4DD1-B4FD-F54F7CC92AEA}.AppStore|iPhoneSimulator.Build.0 = Release|x86
		{300BDB28-2190-4DD1-B4FD-F54F7CC92AEA}.AppStore|iPhoneSimulator.Deploy.0 = Release|x86
		{300BDB28-2190-4DD1-B4FD-F54F7CC92AEA}.AppStore|x64.ActiveCfg = Release|x64
		{300BDB28-2190-4DD1-B4FD-F54F7CC92AEA}.AppStore|x64.Build.0 = Release|x64
		{300BDB28-2190-4DD1-B4FD-F54F7CC92AEA}.AppStore|x64.Deploy.0 = Release|x64
		{300BDB28-2190-4DD1-B4FD-F54F7CC92AEA}.AppStore|x86.ActiveCfg = Release|x86
		{300BDB28-2190-4DD1-B4FD-F54F7CC92AEA}.AppStore|x86.Build.0 = Release|x86
		{300BDB28-2190-4DD1-B4FD-F54F7CC92AEA}.AppStore|x86.Deploy.0 = Release|x86
		{300BDB28-2190-4DD1-B4FD-F54F7CC92AEA}.Debug|Any CPU.ActiveCfg = Debug|x86
		{300BDB28-2190-4DD1-B4FD-F54F7CC92AEA}.Debug|ARM.ActiveCfg = Debug|ARM
		{300BDB28-2190-4DD1-B4FD-F54F7CC92AEA}.Debug|ARM.Build.0 = Debug|ARM
		{300BDB28-2190-4DD1-B4FD-F54F7CC92AEA}.Debug|ARM.Deploy.0 = Debug|ARM
		{300BDB28-2190-4DD1-B4FD-F54F7CC92AEA}.Debug|iPhone.ActiveCfg = Debug|x86
		{300BDB28-2190-4DD1-B4FD-F54F7CC92AEA}.Debug|iPhoneSimulator.ActiveCfg = Debug|x86
		{300BDB28-2190-4DD1-B4FD-F54F7CC92AEA}.Debug|x64.ActiveCfg = Debug|x64
		{300BDB28-2190-4DD1-B4FD-F54F7CC92AEA}.Debug|x64.Build.0 = Debug|x64
		{300BDB28-2190-4DD1-B4FD-F54F7CC92AEA}.Debug|x64.Deploy.0 = Debug|x64
		{300BDB28-2190-4DD1-B4FD-F54F7CC92AEA}.Debug|x86.ActiveCfg = Debug|x86
		{300BDB28-2190-4DD1-B4FD-F54F7CC92AEA}.Debug|x86.Build.0 = Debug|x86
		{300BDB28-2190-4DD1-B4FD-F54F7CC92AEA}.Debug|x86.Deploy.0 = Debug|x86
		{300BDB28-2190-4DD1-B4FD-F54F7CC92AEA}.Release|Any CPU.ActiveCfg = Release|x86
		{300BDB28-2190-4DD1-B4FD-F54F7CC92AEA}.Release|ARM.ActiveCfg = Release|ARM
		{300BDB28-2190-4DD1-B4FD-F54F7CC92AEA}.Release|ARM.Build.0 = Release|ARM
		{300BDB28-2190-4DD1-B4FD-F54F7CC92AEA}.Release|ARM.Deploy.0 = Release|ARM
		{300BDB28-2190-4DD1-B4FD-F54F7CC92AEA}.Release|iPhone.ActiveCfg = Release|x86
		{300BDB28-2190-4DD1-B4FD-F54F7CC92AEA}.Release|iPhoneSimulator.ActiveCfg = Release|x86
		{300BDB28-2190-4DD1-B4FD-F54F7CC92AEA}.Release|x64.ActiveCfg = Release|x64
		{300BDB28-2190-4DD1-B4FD-F54F7CC92AEA}.Release|x64.Build.0 = Release|x64
		{300BDB28-2190-4DD1-B4FD-F54F7CC92AEA}.Release|x64.Deploy.0 = Release|x64
		{300BDB28-2190-4DD1-B4FD-F54F7CC92AEA}.Release|x86.ActiveCfg = Release|x86
		{300BDB28-2190-4DD1-B4FD-F54F7CC92AEA}.Release|x86.Build.0 = Release|x86
		{300BDB28-2190-4DD1-B4FD-F54F7CC92AEA}.Release|x86.Deploy.0 = Release|x86
		{0C44DC90-1BF8-4494-AD01-2CAE5F860D80}.Ad-Hoc|Any CPU.ActiveCfg = Debug|Any CPU
		{0C44DC90-1BF8-4494-AD01-2CAE5F860D80}.Ad-Hoc|Any CPU.Build.0 = Debug|Any CPU
		{0C44DC90-1BF8-4494-AD01-2CAE5F860D80}.Ad-Hoc|ARM.ActiveCfg = Debug|Any CPU
		{0C44DC90-1BF8-4494-AD01-2CAE5F860D80}.Ad-Hoc|ARM.Build.0 = Debug|Any CPU
		{0C44DC90-1BF8-4494-AD01-2CAE5F860D80}.Ad-Hoc|iPhone.ActiveCfg = Debug|Any CPU
		{0C44DC90-1BF8-4494-AD01-2CAE5F860D80}.Ad-Hoc|iPhone.Build.0 = Debug|Any CPU
		{0C44DC90-1BF8-4494-AD01-2CAE5F860D80}.Ad-Hoc|iPhoneSimulator.ActiveCfg = Debug|Any CPU
		{0C44DC90-1BF8-4494-AD01-2CAE5F860D80}.Ad-Hoc|iPhoneSimulator.Build.0 = Debug|Any CPU
		{0C44DC90-1BF8-4494-AD01-2CAE5F860D80}.Ad-Hoc|x64.ActiveCfg = Debug|Any CPU
		{0C44DC90-1BF8-4494-AD01-2CAE5F860D80}.Ad-Hoc|x64.Build.0 = Debug|Any CPU
		{0C44DC90-1BF8-4494-AD01-2CAE5F860D80}.Ad-Hoc|x86.ActiveCfg = Debug|Any CPU
		{0C44DC90-1BF8-4494-AD01-2CAE5F860D80}.Ad-Hoc|x86.Build.0 = Debug|Any CPU
		{0C44DC90-1BF8-4494-AD01-2CAE5F860D80}.AppStore|Any CPU.ActiveCfg = Debug|Any CPU
		{0C44DC90-1BF8-4494-AD01-2CAE5F860D80}.AppStore|Any CPU.Build.0 = Debug|Any CPU
		{0C44DC90-1BF8-4494-AD01-2CAE5F860D80}.AppStore|ARM.ActiveCfg = Debug|Any CPU
		{0C44DC90-1BF8-4494-AD01-2CAE5F860D80}.AppStore|ARM.Build.0 = Debug|Any CPU
		{0C44DC90-1BF8-4494-AD01-2CAE5F860D80}.AppStore|iPhone.ActiveCfg = Debug|Any CPU
		{0C44DC90-1BF8-4494-AD01-2CAE5F860D80}.AppStore|iPhone.Build.0 = Debug|Any CPU
		{0C44DC90-1BF8-4494-AD01-2CAE5F860D80}.AppStore|iPhoneSimulator.ActiveCfg = Debug|Any CPU
		{0C44DC90-1BF8-4494-AD01-2CAE5F860D80}.AppStore|iPhoneSimulator.Build.0 = Debug|Any CPU
		{0C44DC90-1BF8-4494-AD01-2CAE5F860D80}.AppStore|x64.ActiveCfg = Debug|Any CPU
		{0C44DC90-1BF8-4494-AD01-2CAE5F860D80}.AppStore|x64.Build.0 = Debug|Any CPU
		{0C44DC90-1BF8-4494-AD01-2CAE5F860D80}.AppStore|x86.ActiveCfg = Debug|Any CPU
		{0C44DC90-1BF8-4494-AD01-2CAE5F860D80}.AppStore|x86.Build.0 = Debug|Any CPU
		{0C44DC90-1BF8-4494-AD01-2CAE5F860D80}.Debug|Any CPU.ActiveCfg = Debug|Any CPU
		{0C44DC90-1BF8-4494-AD01-2CAE5F860D80}.Debug|Any CPU.Build.0 = Debug|Any CPU
		{0C44DC90-1BF8-4494-AD01-2CAE5F860D80}.Debug|ARM.ActiveCfg = Debug|Any CPU
		{0C44DC90-1BF8-4494-AD01-2CAE5F860D80}.Debug|ARM.Build.0 = Debug|Any CPU
		{0C44DC90-1BF8-4494-AD01-2CAE5F860D80}.Debug|iPhone.ActiveCfg = Debug|Any CPU
		{0C44DC90-1BF8-4494-AD01-2CAE5F860D80}.Debug|iPhone.Build.0 = Debug|Any CPU
		{0C44DC90-1BF8-4494-AD01-2CAE5F860D80}.Debug|iPhoneSimulator.ActiveCfg = Debug|Any CPU
		{0C44DC90-1BF8-4494-AD01-2CAE5F860D80}.Debug|iPhoneSimulator.Build.0 = Debug|Any CPU
		{0C44DC90-1BF8-4494-AD01-2CAE5F860D80}.Debug|x64.ActiveCfg = Debug|Any CPU
		{0C44DC90-1BF8-4494-AD01-2CAE5F860D80}.Debug|x64.Build.0 = Debug|Any CPU
		{0C44DC90-1BF8-4494-AD01-2CAE5F860D80}.Debug|x86.ActiveCfg = Debug|Any CPU
		{0C44DC90-1BF8-4494-AD01-2CAE5F860D80}.Debug|x86.Build.0 = Debug|Any CPU
		{0C44DC90-1BF8-4494-AD01-2CAE5F860D80}.Release|Any CPU.ActiveCfg = Release|Any CPU
		{0C44DC90-1BF8-4494-AD01-2CAE5F860D80}.Release|Any CPU.Build.0 = Release|Any CPU
		{0C44DC90-1BF8-4494-AD01-2CAE5F860D80}.Release|ARM.ActiveCfg = Release|Any CPU
		{0C44DC90-1BF8-4494-AD01-2CAE5F860D80}.Release|ARM.Build.0 = Release|Any CPU
		{0C44DC90-1BF8-4494-AD01-2CAE5F860D80}.Release|iPhone.ActiveCfg = Release|Any CPU
		{0C44DC90-1BF8-4494-AD01-2CAE5F860D80}.Release|iPhone.Build.0 = Release|Any CPU
		{0C44DC90-1BF8-4494-AD01-2CAE5F860D80}.Release|iPhoneSimulator.ActiveCfg = Release|Any CPU
		{0C44DC90-1BF8-4494-AD01-2CAE5F860D80}.Release|iPhoneSimulator.Build.0 = Release|Any CPU
		{0C44DC90-1BF8-4494-AD01-2CAE5F860D80}.Release|x64.ActiveCfg = Release|Any CPU
		{0C44DC90-1BF8-4494-AD01-2CAE5F860D80}.Release|x64.Build.0 = Release|Any CPU
		{0C44DC90-1BF8-4494-AD01-2CAE5F860D80}.Release|x86.ActiveCfg = Release|Any CPU
		{0C44DC90-1BF8-4494-AD01-2CAE5F860D80}.Release|x86.Build.0 = Release|Any CPU
	EndGlobalSection
	GlobalSection(SolutionProperties) = preSolution
		HideSolutionNode = FALSE
	EndGlobalSection
	GlobalSection(ExtensibilityGlobals) = postSolution
		SolutionGuid = {96F3E30D-0F2F-4438-A5D0-B2E8ADCC49DD}
	EndGlobalSection
EndGlobal
